{
  "schema_version": 1,
  "source": {
    "package": "libretro-genesisplusgx",
    "version": "1.7.4+git20221128-2",
    "architecture": "arm64",
    "source_package": "genesisplusgx",
    "section": "non-free/games",
    "homepage": "https://github.com/ekeeke/Genesis-Plus-GX",
    "url": "https://deb.debian.org/debian/pool/non-free/g/genesisplusgx/libretro-genesisplusgx_1.7.4%2Bgit20221128-2_arm64.deb"
  },
  "package": {
    "name": "libretro-genesisplusgx_1.7.4+git20221128-2_arm64.deb",
    "size": 370312,
    "sha256": "059f4dbecfc4e3083fd561f22d3bd31dc1c04fd73f4e224d72ab63cbf9087007"
  },
  "core": {
    "package_path": "usr/lib/aarch64-linux-gnu/libretro/genesis_plus_gx_libretro.so",
    "install_path": "/usr/local/libexec/genesis_plus_gx_libretro.so",
    "size": 5827152,
    "sha256": "f143cdc25c10acd0c5695ef11c7aaa7a42936fda426a9eec6dd4a248f5c73546",
    "machine": "AArch64",
    "required_symbols": [
      "retro_api_version",
      "retro_init",
      "retro_load_game",
      "retro_run"
    ],
    "needed_libraries": [
      "libm.so.6",
      "libvorbisfile.so.3",
      "libc.so.6",
      "ld-linux-aarch64.so.1"
    ]
  },
  "copyright": {
    "package_path": "usr/share/doc/libretro-genesisplusgx/copyright",
    "install_path": "/usr/share/doc/r46h-genesisplusgx/copyright",
    "size": 15257,
    "sha256": "c277015bdd6eee3562533a12b30508defbcc5b71e1cd38cd004468d0db8024f3"
  },
  "license": {
    "classification": "non-commercial",
    "commercial_redistribution": false
  },
  "runtime": {
    "retroarch_version": "1.20.0",
    "builder_image": "arkos4clone/r46h-ppsspp-builder:v1.20.4",
    "builder_image_id": "sha256:6381ff02e8a1bb5eda383ee37f45ae9312c412c7e242cc659bcd26a57d5cd548",
    "mandatory_gamegear_firmware": []
  }
}
